
Microsoft Visual Studio Solution File, Format Version 12.00
# Visual Studio Version 16
VisualStudioVersion = 16.0.34601.136
MinimumVisualStudioVersion = 10.0.40219.1
Project("{E24C65DC-7377-472B-9ABA-BC803B73C61A}") = "GRUPOFARRERA", "GRUPOFARRERA\", "{33FC936B-DF05-4D86-BB67-08BA19E7E162}"
	ProjectSection(WebsiteProperties) = preProject
		TargetFrameworkMoniker = ".NETFramework,Version%3Dv4.7.2"
		Debug.AspNetCompiler.VirtualPath = "/localhost_63458"
		Debug.AspNetCompiler.PhysicalPath = "GRUPOFARRERA\"
		Debug.AspNetCompiler.TargetPath = "PrecompiledWeb\localhost_63458\"
		Debug.AspNetCompiler.Updateable = "true"
		Debug.AspNetCompiler.ForceOverwrite = "true"
		Debug.AspNetCompiler.FixedNames = "false"
		Debug.AspNetCompiler.Debug = "True"
		Release.AspNetCompiler.VirtualPath = "/localhost_63458"
		Release.AspNetCompiler.PhysicalPath = "GRUPOFARRERA\"
		Release.AspNetCompiler.TargetPath = "PrecompiledWeb\localhost_63458\"
		Release.AspNetCompiler.Updateable = "true"
		Release.AspNetCompiler.ForceOverwrite = "true"
		Release.AspNetCompiler.FixedNames = "false"
		Release.AspNetCompiler.Debug = "False"
		VWDPort = "63458"
		SlnRelativePath = "GRUPOFARRERA\"
		DefaultWebSiteLanguage = "Visual C#"
	EndProjectSection
EndProject
Global
	GlobalSection(SolutionConfigurationPlatforms) = preSolution
		Debug|Any CPU = Debug|Any CPU
	EndGlobalSection
	GlobalSection(ProjectConfigurationPlatforms) = postSolution
		{33FC936B-DF05-4D86-BB67-08BA19E7E162}.Debug|Any CPU.ActiveCfg = Debug|Any CPU
		{33FC936B-DF05-4D86-BB67-08BA19E7E162}.Debug|Any CPU.Build.0 = Debug|Any CPU
	EndGlobalSection
	GlobalSection(SolutionProperties) = preSolution
		HideSolutionNode = FALSE
	EndGlobalSection
	GlobalSection(ExtensibilityGlobals) = postSolution
		SolutionGuid = {44CCEB19-822F-4E13-8A81-B9BB9389782F}
	EndGlobalSection
EndGlobal
